// !$*UTF8*$!
{
	archiveVersion = 1;
	classes = {
	};
	objectVersion = 56;
	objects = {

/* Begin PBXBuildFile section */
		A513E2922C7DF2A8000B76A2 /* TaskModel.swift in Sources */ = {isa = PBXBuildFile; fileRef = A513E2902C7DF2A8000B76A2 /* TaskModel.swift */; };
		A513E2962C7E049F000B76A2 /* TaskCell.swift in Sources */ = {isa = PBXBuildFile; fileRef = A513E2952C7E049F000B76A2 /* TaskCell.swift */; };
		A529790E2C82403900FDB15E /* UserDefaultsManager.swift in Sources */ = {isa = PBXBuildFile; fileRef = A529790D2C82403900FDB15E /* UserDefaultsManager.swift */; };
		A52979112C82424100FDB15E /* Storyboards.swift in Sources */ = {isa = PBXBuildFile; fileRef = A52979102C82424100FDB15E /* Storyboards.swift */; };
		A52979132C825EF400FDB15E /* CoreDataManager.swift in Sources */ = {isa = PBXBuildFile; fileRef = A52979122C825EF400FDB15E /* CoreDataManager.swift */; };
		A52979162C826E2C00FDB15E /* Notifications.swift in Sources */ = {isa = PBXBuildFile; fileRef = A52979152C826E2C00FDB15E /* Notifications.swift */; };
		A5588C132C7DD178008C6096 /* TaskListPresenter.swift in Sources */ = {isa = PBXBuildFile; fileRef = A5588C122C7DD178008C6096 /* TaskListPresenter.swift */; };
		A5588C172C7DD198008C6096 /* TaskListRouter.swift in Sources */ = {isa = PBXBuildFile; fileRef = A5588C162C7DD198008C6096 /* TaskListRouter.swift */; };
		A5588C192C7DD1B6008C6096 /* TaskDetailViewController.swift in Sources */ = {isa = PBXBuildFile; fileRef = A5588C182C7DD1B6008C6096 /* TaskDetailViewController.swift */; };
		A5588C1D2C7DD1D6008C6096 /* TaskDetailPresenter.swift in Sources */ = {isa = PBXBuildFile; fileRef = A5588C1C2C7DD1D6008C6096 /* TaskDetailPresenter.swift */; };
		A5588C212C7DD1EF008C6096 /* TaskDetailRouter.swift in Sources */ = {isa = PBXBuildFile; fileRef = A5588C202C7DD1EF008C6096 /* TaskDetailRouter.swift */; };
		A5588C242C7DDCF0008C6096 /* TaskDetailViewController.storyboard in Resources */ = {isa = PBXBuildFile; fileRef = A5588C232C7DDCF0008C6096 /* TaskDetailViewController.storyboard */; };
		A5AC10172C8343A200C3DCD9 /* TaskAddViewController.swift in Sources */ = {isa = PBXBuildFile; fileRef = A5AC10162C8343A200C3DCD9 /* TaskAddViewController.swift */; };
		A5AC10192C8343AA00C3DCD9 /* TaskAddViewController.storyboard in Resources */ = {isa = PBXBuildFile; fileRef = A5AC10182C8343AA00C3DCD9 /* TaskAddViewController.storyboard */; };
		A5AC101B2C8343EB00C3DCD9 /* TaskAddPresenter.swift in Sources */ = {isa = PBXBuildFile; fileRef = A5AC101A2C8343EB00C3DCD9 /* TaskAddPresenter.swift */; };
		A5AC101D2C8343F400C3DCD9 /* TaskAddRouter.swift in Sources */ = {isa = PBXBuildFile; fileRef = A5AC101C2C8343F400C3DCD9 /* TaskAddRouter.swift */; };
		A5FA7D622C7DCB480066E4C1 /* AppDelegate.swift in Sources */ = {isa = PBXBuildFile; fileRef = A5FA7D612C7DCB480066E4C1 /* AppDelegate.swift */; };
		A5FA7D642C7DCB480066E4C1 /* SceneDelegate.swift in Sources */ = {isa = PBXBuildFile; fileRef = A5FA7D632C7DCB480066E4C1 /* SceneDelegate.swift */; };
		A5FA7D662C7DCB480066E4C1 /* TaskListViewController.swift in Sources */ = {isa = PBXBuildFile; fileRef = A5FA7D652C7DCB480066E4C1 /* TaskListViewController.swift */; };
		A5FA7D692C7DCB480066E4C1 /* Base in Resources */ = {isa = PBXBuildFile; fileRef = A5FA7D682C7DCB480066E4C1 /* Base */; };
		A5FA7D6C2C7DCB480066E4C1 /* ToDo_List.xcdatamodeld in Sources */ = {isa = PBXBuildFile; fileRef = A5FA7D6A2C7DCB480066E4C1 /* ToDo_List.xcdatamodeld */; };
		A5FA7D6E2C7DCB480066E4C1 /* Assets.xcassets in Resources */ = {isa = PBXBuildFile; fileRef = A5FA7D6D2C7DCB480066E4C1 /* Assets.xcassets */; };
		A5FA7D712C7DCB480066E4C1 /* Base in Resources */ = {isa = PBXBuildFile; fileRef = A5FA7D702C7DCB480066E4C1 /* Base */; };
		A5FA7D7C2C7DCB490066E4C1 /* ToDo_ListTests.swift in Sources */ = {isa = PBXBuildFile; fileRef = A5FA7D7B2C7DCB490066E4C1 /* ToDo_ListTests.swift */; };
		A5FA7D862C7DCB490066E4C1 /* ToDo_ListUITests.swift in Sources */ = {isa = PBXBuildFile; fileRef = A5FA7D852C7DCB490066E4C1 /* ToDo_ListUITests.swift */; };
		A5FA7D882C7DCB490066E4C1 /* ToDo_ListUITestsLaunchTests.swift in Sources */ = {isa = PBXBuildFile; fileRef = A5FA7D872C7DCB490066E4C1 /* ToDo_ListUITestsLaunchTests.swift */; };
/* End PBXBuildFile section */

/* Begin PBXContainerItemProxy section */
		A5FA7D782C7DCB490066E4C1 /* PBXContainerItemProxy */ = {
			isa = PBXContainerItemProxy;
			containerPortal = A5FA7D562C7DCB470066E4C1 /* Project object */;
			proxyType = 1;
			remoteGlobalIDString = A5FA7D5D2C7DCB470066E4C1;
			remoteInfo = ToDo_List;
		};
		A5FA7D822C7DCB490066E4C1 /* PBXContainerItemProxy */ = {
			isa = PBXContainerItemProxy;
			containerPortal = A5FA7D562C7DCB470066E4C1 /* Project object */;
			proxyType = 1;
			remoteGlobalIDString = A5FA7D5D2C7DCB470066E4C1;
			remoteInfo = ToDo_List;
		};
/* End PBXContainerItemProxy section */

/* Begin PBXFileReference section */
		A513E2902C7DF2A8000B76A2 /* TaskModel.swift */ = {isa = PBXFileReference; lastKnownFileType = sourcecode.swift; path = TaskModel.swift; sourceTree = "<group>"; };
		A513E2952C7E049F000B76A2 /* TaskCell.swift */ = {isa = PBXFileReference; lastKnownFileType = sourcecode.swift; path = TaskCell.swift; sourceTree = "<group>"; };
		A529790D2C82403900FDB15E /* UserDefaultsManager.swift */ = {isa = PBXFileReference; lastKnownFileType = sourcecode.swift; path = UserDefaultsManager.swift; sourceTree = "<group>"; };
		A52979102C82424100FDB15E /* Storyboards.swift */ = {isa = PBXFileReference; lastKnownFileType = sourcecode.swift; path = Storyboards.swift; sourceTree = "<group>"; };
		A52979122C825EF400FDB15E /* CoreDataManager.swift */ = {isa = PBXFileReference; lastKnownFileType = sourcecode.swift; path = CoreDataManager.swift; sourceTree = "<group>"; };
		A52979152C826E2C00FDB15E /* Notifications.swift */ = {isa = PBXFileReference; lastKnownFileType = sourcecode.swift; path = Notifications.swift; sourceTree = "<group>"; };
		A5588C122C7DD178008C6096 /* TaskListPresenter.swift */ = {isa = PBXFileReference; lastKnownFileType = sourcecode.swift; path = TaskListPresenter.swift; sourceTree = "<group>"; };
		A5588C162C7DD198008C6096 /* TaskListRouter.swift */ = {isa = PBXFileReference; lastKnownFileType = sourcecode.swift; path = TaskListRouter.swift; sourceTree = "<group>"; };
		A5588C182C7DD1B6008C6096 /* TaskDetailViewController.swift */ = {isa = PBXFileReference; lastKnownFileType = sourcecode.swift; path = TaskDetailViewController.swift; sourceTree = "<group>"; };
		A5588C1C2C7DD1D6008C6096 /* TaskDetailPresenter.swift */ = {isa = PBXFileReference; lastKnownFileType = sourcecode.swift; path = TaskDetailPresenter.swift; sourceTree = "<group>"; };
		A5588C202C7DD1EF008C6096 /* TaskDetailRouter.swift */ = {isa = PBXFileReference; lastKnownFileType = sourcecode.swift; path = TaskDetailRouter.swift; sourceTree = "<group>"; };
		A5588C232C7DDCF0008C6096 /* TaskDetailViewController.storyboard */ = {isa = PBXFileReference; lastKnownFileType = file.storyboard; path = TaskDetailViewController.storyboard; sourceTree = "<group>"; };
		A5AC10162C8343A200C3DCD9 /* TaskAddViewController.swift */ = {isa = PBXFileReference; lastKnownFileType = sourcecode.swift; path = TaskAddViewController.swift; sourceTree = "<group>"; };
		A5AC10182C8343AA00C3DCD9 /* TaskAddViewController.storyboard */ = {isa = PBXFileReference; lastKnownFileType = file.storyboard; path = TaskAddViewController.storyboard; sourceTree = "<group>"; };
		A5AC101A2C8343EB00C3DCD9 /* TaskAddPresenter.swift */ = {isa = PBXFileReference; lastKnownFileType = sourcecode.swift; path = TaskAddPresenter.swift; sourceTree = "<group>"; };
		A5AC101C2C8343F400C3DCD9 /* TaskAddRouter.swift */ = {isa = PBXFileReference; lastKnownFileType = sourcecode.swift; path = TaskAddRouter.swift; sourceTree = "<group>"; };
		A5FA7D5E2C7DCB480066E4C1 /* ToDo_List.app */ = {isa = PBXFileReference; explicitFileType = wrapper.application; includeInIndex = 0; path = ToDo_List.app; sourceTree = BUILT_PRODUCTS_DIR; };
		A5FA7D612C7DCB480066E4C1 /* AppDelegate.swift */ = {isa = PBXFileReference; lastKnownFileType = sourcecode.swift; path = AppDelegate.swift; sourceTree = "<group>"; };
		A5FA7D632C7DCB480066E4C1 /* SceneDelegate.swift */ = {isa = PBXFileReference; lastKnownFileType = sourcecode.swift; path = SceneDelegate.swift; sourceTree = "<group>"; };
		A5FA7D652C7DCB480066E4C1 /* TaskListViewController.swift */ = {isa = PBXFileReference; lastKnownFileType = sourcecode.swift; path = TaskListViewController.swift; sourceTree = "<group>"; };
		A5FA7D682C7DCB480066E4C1 /* Base */ = {isa = PBXFileReference; lastKnownFileType = file.storyboard; name = Base; path = Base.lproj/TaskListViewController.storyboard; sourceTree = "<group>"; };
		A5FA7D6B2C7DCB480066E4C1 /* ToDo_List.xcdatamodel */ = {isa = PBXFileReference; lastKnownFileType = wrapper.xcdatamodel; path = ToDo_List.xcdatamodel; sourceTree = "<group>"; };
		A5FA7D6D2C7DCB480066E4C1 /* Assets.xcassets */ = {isa = PBXFileReference; lastKnownFileType = folder.assetcatalog; path = Assets.xcassets; sourceTree = "<group>"; };
		A5FA7D702C7DCB480066E4C1 /* Base */ = {isa = PBXFileReference; lastKnownFileType = file.storyboard; name = Base; path = Base.lproj/LaunchScreen.storyboard; sourceTree = "<group>"; };
		A5FA7D722C7DCB480066E4C1 /* Info.plist */ = {isa = PBXFileReference; lastKnownFileType = text.plist.xml; path = Info.plist; sourceTree = "<group>"; };
		A5FA7D772C7DCB490066E4C1 /* ToDo_ListTests.xctest */ = {isa = PBXFileReference; explicitFileType = wrapper.cfbundle; includeInIndex = 0; path = ToDo_ListTests.xctest; sourceTree = BUILT_PRODUCTS_DIR; };
		A5FA7D7B2C7DCB490066E4C1 /* ToDo_ListTests.swift */ = {isa = PBXFileReference; lastKnownFileType = sourcecode.swift; path = ToDo_ListTests.swift; sourceTree = "<group>"; };
		A5FA7D812C7DCB490066E4C1 /* ToDo_ListUITests.xctest */ = {isa = PBXFileReference; explicitFileType = wrapper.cfbundle; includeInIndex = 0; path = ToDo_ListUITests.xctest; sourceTree = BUILT_PRODUCTS_DIR; };
		A5FA7D852C7DCB490066E4C1 /* ToDo_ListUITests.swift */ = {isa = PBXFileReference; lastKnownFileType = sourcecode.swift; path = ToDo_ListUITests.swift; sourceTree = "<group>"; };
		A5FA7D872C7DCB490066E4C1 /* ToDo_ListUITestsLaunchTests.swift */ = {isa = PBXFileReference; lastKnownFileType = sourcecode.swift; path = ToDo_ListUITestsLaunchTests.swift; sourceTree = "<group>"; };
/* End PBXFileReference section */

/* Begin PBXFrameworksBuildPhase section */
		A5FA7D5B2C7DCB470066E4C1 /* Frameworks */ = {
			isa = PBXFrameworksBuildPhase;
			buildActionMask = 2147483647;
			files = (
			);
			runOnlyForDeploymentPostprocessing = 0;
		};
		A5FA7D742C7DCB490066E4C1 /* Frameworks */ = {
			isa = PBXFrameworksBuildPhase;
			buildActionMask = 2147483647;
			files = (
			);
			runOnlyForDeploymentPostprocessing = 0;
		};
		A5FA7D7E2C7DCB490066E4C1 /* Frameworks */ = {
			isa = PBXFrameworksBuildPhase;
			buildActionMask = 2147483647;
			files = (
			);
			runOnlyForDeploymentPostprocessing = 0;
		};
/* End PBXFrameworksBuildPhase section */

/* Begin PBXGroup section */
		A513E2942C7E047E000B76A2 /* Cell */ = {
			isa = PBXGroup;
			children = (
				A513E2952C7E049F000B76A2 /* TaskCell.swift */,
			);
			path = Cell;
			sourceTree = "<group>";
		};
		A529790C2C82402B00FDB15E /* Managers */ = {
			isa = PBXGroup;
			children = (
				A52979122C825EF400FDB15E /* CoreDataManager.swift */,
				A529790D2C82403900FDB15E /* UserDefaultsManager.swift */,
			);
			path = Managers;
			sourceTree = "<group>";
		};
		A529790F2C82423400FDB15E /* Constants */ = {
			isa = PBXGroup;
			children = (
				A52979102C82424100FDB15E /* Storyboards.swift */,
			);
			path = Constants;
			sourceTree = "<group>";
		};
		A52979142C826E2200FDB15E /* Notifications */ = {
			isa = PBXGroup;
			children = (
				A52979152C826E2C00FDB15E /* Notifications.swift */,
			);
			path = Notifications;
			sourceTree = "<group>";
		};
		A5588C022C7DCFF1008C6096 /* Application */ = {
			isa = PBXGroup;
			children = (
				A5FA7D612C7DCB480066E4C1 /* AppDelegate.swift */,
				A5FA7D632C7DCB480066E4C1 /* SceneDelegate.swift */,
			);
			path = Application;
			sourceTree = "<group>";
		};
		A5588C032C7DCFFE008C6096 /* Resources */ = {
			isa = PBXGroup;
			children = (
				A5FA7D6D2C7DCB480066E4C1 /* Assets.xcassets */,
				A5FA7D6F2C7DCB480066E4C1 /* LaunchScreen.storyboard */,
				A5FA7D722C7DCB480066E4C1 /* Info.plist */,
			);
			path = Resources;
			sourceTree = "<group>";
		};
		A5588C042C7DD03C008C6096 /* TaskList */ = {
			isa = PBXGroup;
			children = (
				A513E2942C7E047E000B76A2 /* Cell */,
				A5588C062C7DD094008C6096 /* View */,
				A5588C082C7DD0A0008C6096 /* Presenter */,
				A5588C0A2C7DD0AA008C6096 /* Router */,
			);
			path = TaskList;
			sourceTree = "<group>";
		};
		A5588C052C7DD051008C6096 /* TaskDetail */ = {
			isa = PBXGroup;
			children = (
				A5588C0F2C7DD0D6008C6096 /* View */,
				A5588C0D2C7DD0CB008C6096 /* Presenter */,
				A5588C0B2C7DD0C2008C6096 /* Router */,
			);
			path = TaskDetail;
			sourceTree = "<group>";
		};
		A5588C062C7DD094008C6096 /* View */ = {
			isa = PBXGroup;
			children = (
				A5FA7D652C7DCB480066E4C1 /* TaskListViewController.swift */,
				A5FA7D672C7DCB480066E4C1 /* TaskListViewController.storyboard */,
			);
			path = View;
			sourceTree = "<group>";
		};
		A5588C082C7DD0A0008C6096 /* Presenter */ = {
			isa = PBXGroup;
			children = (
				A5588C122C7DD178008C6096 /* TaskListPresenter.swift */,
			);
			path = Presenter;
			sourceTree = "<group>";
		};
		A5588C0A2C7DD0AA008C6096 /* Router */ = {
			isa = PBXGroup;
			children = (
				A5588C162C7DD198008C6096 /* TaskListRouter.swift */,
			);
			path = Router;
			sourceTree = "<group>";
		};
		A5588C0B2C7DD0C2008C6096 /* Router */ = {
			isa = PBXGroup;
			children = (
				A5588C202C7DD1EF008C6096 /* TaskDetailRouter.swift */,
			);
			path = Router;
			sourceTree = "<group>";
		};
		A5588C0D2C7DD0CB008C6096 /* Presenter */ = {
			isa = PBXGroup;
			children = (
				A5588C1C2C7DD1D6008C6096 /* TaskDetailPresenter.swift */,
			);
			path = Presenter;
			sourceTree = "<group>";
		};
		A5588C0F2C7DD0D6008C6096 /* View */ = {
			isa = PBXGroup;
			children = (
				A5588C182C7DD1B6008C6096 /* TaskDetailViewController.swift */,
				A5588C232C7DDCF0008C6096 /* TaskDetailViewController.storyboard */,
			);
			path = View;
			sourceTree = "<group>";
		};
		A5588C222C7DDAF2008C6096 /* Modules */ = {
			isa = PBXGroup;
			children = (
				A5588C042C7DD03C008C6096 /* TaskList */,
				A5588C052C7DD051008C6096 /* TaskDetail */,
				A5AC10122C83436400C3DCD9 /* TaskAdd */,
			);
			path = Modules;
			sourceTree = "<group>";
		};
		A5588C292C7DE60E008C6096 /* Core */ = {
			isa = PBXGroup;
			children = (
				A529790F2C82423400FDB15E /* Constants */,
				A5588C2A2C7DE615008C6096 /* CoreData */,
				A529790C2C82402B00FDB15E /* Managers */,
				A52979142C826E2200FDB15E /* Notifications */,
			);
			path = Core;
			sourceTree = "<group>";
		};
		A5588C2A2C7DE615008C6096 /* CoreData */ = {
			isa = PBXGroup;
			children = (
				A513E2902C7DF2A8000B76A2 /* TaskModel.swift */,
				A5FA7D6A2C7DCB480066E4C1 /* ToDo_List.xcdatamodeld */,
			);
			path = CoreData;
			sourceTree = "<group>";
		};
		A5AC10122C83436400C3DCD9 /* TaskAdd */ = {
			isa = PBXGroup;
			children = (
				A5AC10152C83438500C3DCD9 /* View */,
				A5AC10142C83438000C3DCD9 /* Presenter */,
				A5AC10132C83437400C3DCD9 /* Router */,
			);
			path = TaskAdd;
			sourceTree = "<group>";
		};
		A5AC10132C83437400C3DCD9 /* Router */ = {
			isa = PBXGroup;
			children = (
				A5AC101C2C8343F400C3DCD9 /* TaskAddRouter.swift */,
			);
			path = Router;
			sourceTree = "<group>";
		};
		A5AC10142C83438000C3DCD9 /* Presenter */ = {
			isa = PBXGroup;
			children = (
				A5AC101A2C8343EB00C3DCD9 /* TaskAddPresenter.swift */,
			);
			path = Presenter;
			sourceTree = "<group>";
		};
		A5AC10152C83438500C3DCD9 /* View */ = {
			isa = PBXGroup;
			children = (
				A5AC10162C8343A200C3DCD9 /* TaskAddViewController.swift */,
				A5AC10182C8343AA00C3DCD9 /* TaskAddViewController.storyboard */,
			);
			path = View;
			sourceTree = "<group>";
		};
		A5FA7D552C7DCB470066E4C1 = {
			isa = PBXGroup;
			children = (
				A5FA7D602C7DCB480066E4C1 /* ToDo_List */,
				A5FA7D7A2C7DCB490066E4C1 /* ToDo_ListTests */,
				A5FA7D842C7DCB490066E4C1 /* ToDo_ListUITests */,
				A5FA7D5F2C7DCB480066E4C1 /* Products */,
			);
			sourceTree = "<group>";
		};
		A5FA7D5F2C7DCB480066E4C1 /* Products */ = {
			isa = PBXGroup;
			children = (
				A5FA7D5E2C7DCB480066E4C1 /* ToDo_List.app */,
				A5FA7D772C7DCB490066E4C1 /* ToDo_ListTests.xctest */,
				A5FA7D812C7DCB490066E4C1 /* ToDo_ListUITests.xctest */,
			);
			name = Products;
			sourceTree = "<group>";
		};
		A5FA7D602C7DCB480066E4C1 /* ToDo_List */ = {
			isa = PBXGroup;
			children = (
				A5588C022C7DCFF1008C6096 /* Application */,
				A5588C222C7DDAF2008C6096 /* Modules */,
				A5588C292C7DE60E008C6096 /* Core */,
				A5588C032C7DCFFE008C6096 /* Resources */,
			);
			path = ToDo_List;
			sourceTree = "<group>";
		};
		A5FA7D7A2C7DCB490066E4C1 /* ToDo_ListTests */ = {
			isa = PBXGroup;
			children = (
				A5FA7D7B2C7DCB490066E4C1 /* ToDo_ListTests.swift */,
			);
			path = ToDo_ListTests;
			sourceTree = "<group>";
		};
		A5FA7D842C7DCB490066E4C1 /* ToDo_ListUITests */ = {
			isa = PBXGroup;
			children = (
				A5FA7D852C7DCB490066E4C1 /* ToDo_ListUITests.swift */,
				A5FA7D872C7DCB490066E4C1 /* ToDo_ListUITestsLaunchTests.swift */,
			);
			path = ToDo_ListUITests;
			sourceTree = "<group>";
		};
/* End PBXGroup section */

/* Begin PBXNativeTarget section */
		A5FA7D5D2C7DCB470066E4C1 /* ToDo_List */ = {
			isa = PBXNativeTarget;
			buildConfigurationList = A5FA7D8B2C7DCB490066E4C1 /* Build configuration list for PBXNativeTarget "ToDo_List" */;
			buildPhases = (
				A5FA7D5A2C7DCB470066E4C1 /* Sources */,
				A5FA7D5B2C7DCB470066E4C1 /* Frameworks */,
				A5FA7D5C2C7DCB470066E4C1 /* Resources */,
			);
			buildRules = (
			);
			dependencies = (
			);
			name = ToDo_List;
			productName = ToDo_List;
			productReference = A5FA7D5E2C7DCB480066E4C1 /* ToDo_List.app */;
			productType = "com.apple.product-type.application";
		};
		A5FA7D762C7DCB490066E4C1 /* ToDo_ListTests */ = {
			isa = PBXNativeTarget;
			buildConfigurationList = A5FA7D8E2C7DCB490066E4C1 /* Build configuration list for PBXNativeTarget "ToDo_ListTests" */;
			buildPhases = (
				A5FA7D732C7DCB490066E4C1 /* Sources */,
				A5FA7D742C7DCB490066E4C1 /* Frameworks */,
				A5FA7D752C7DCB490066E4C1 /* Resources */,
			);
			buildRules = (
			);
			dependencies = (
				A5FA7D792C7DCB490066E4C1 /* PBXTargetDependency */,
			);
			name = ToDo_ListTests;
			productName = ToDo_ListTests;
			productReference = A5FA7D772C7DCB490066E4C1 /* ToDo_ListTests.xctest */;
			productType = "com.apple.product-type.bundle.unit-test";
		};
		A5FA7D802C7DCB490066E4C1 /* ToDo_ListUITests */ = {
			isa = PBXNativeTarget;
			buildConfigurationList = A5FA7D912C7DCB490066E4C1 /* Build configuration list for PBXNativeTarget "ToDo_ListUITests" */;
			buildPhases = (
				A5FA7D7D2C7DCB490066E4C1 /* Sources */,
				A5FA7D7E2C7DCB490066E4C1 /* Frameworks */,
				A5FA7D7F2C7DCB490066E4C1 /* Resources */,
			);
			buildRules = (
			);
			dependencies = (
				A5FA7D832C7DCB490066E4C1 /* PBXTargetDependency */,
			);
			name = ToDo_ListUITests;
			productName = ToDo_ListUITests;
			productReference = A5FA7D812C7DCB490066E4C1 /* ToDo_ListUITests.xctest */;
			productType = "com.apple.product-type.bundle.ui-testing";
		};
/* End PBXNativeTarget section */

/* Begin PBXProject section */
		A5FA7D562C7DCB470066E4C1 /* Project object */ = {
			isa = PBXProject;
			attributes = {
				BuildIndependentTargetsInParallel = 1;
				LastSwiftUpdateCheck = 1540;
				LastUpgradeCheck = 1540;
				TargetAttributes = {
					A5FA7D5D2C7DCB470066E4C1 = {
						CreatedOnToolsVersion = 15.4;
					};
					A5FA7D762C7DCB490066E4C1 = {
						CreatedOnToolsVersion = 15.4;
						TestTargetID = A5FA7D5D2C7DCB470066E4C1;
					};
					A5FA7D802C7DCB490066E4C1 = {
						CreatedOnToolsVersion = 15.4;
						TestTargetID = A5FA7D5D2C7DCB470066E4C1;
					};
				};
			};
			buildConfigurationList = A5FA7D592C7DCB470066E4C1 /* Build configuration list for PBXProject "ToDo_List" */;
			compatibilityVersion = "Xcode 14.0";
			developmentRegion = en;
			hasScannedForEncodings = 0;
			knownRegions = (
				en,
				Base,
			);
			mainGroup = A5FA7D552C7DCB470066E4C1;
			productRefGroup = A5FA7D5F2C7DCB480066E4C1 /* Products */;
			projectDirPath = "";
			projectRoot = "";
			targets = (
				A5FA7D5D2C7DCB470066E4C1 /* ToDo_List */,
				A5FA7D762C7DCB490066E4C1 /* ToDo_ListTests */,
				A5FA7D802C7DCB490066E4C1 /* ToDo_ListUITests */,
			);
		};
/* End PBXProject section */

/* Begin PBXResourcesBuildPhase section */
		A5FA7D5C2C7DCB470066E4C1 /* Resources */ = {
			isa = PBXResourcesBuildPhase;
			buildActionMask = 2147483647;
			files = (
				A5AC10192C8343AA00C3DCD9 /* TaskAddViewController.storyboard in Resources */,
				A5FA7D6E2C7DCB480066E4C1 /* Assets.xcassets in Resources */,
				A5FA7D712C7DCB480066E4C1 /* Base in Resources */,
				A5FA7D692C7DCB480066E4C1 /* Base in Resources */,
				A5588C242C7DDCF0008C6096 /* TaskDetailViewController.storyboard in Resources */,
			);
			runOnlyForDeploymentPostprocessing = 0;
		};
		A5FA7D752C7DCB490066E4C1 /* Resources */ = {
			isa = PBXResourcesBuildPhase;
			buildActionMask = 2147483647;
			files = (
			);
			runOnlyForDeploymentPostprocessing = 0;
		};
		A5FA7D7F2C7DCB490066E4C1 /* Resources */ = {
			isa = PBXResourcesBuildPhase;
			buildActionMask = 2147483647;
			files = (
			);
			runOnlyForDeploymentPostprocessing = 0;
		};
/* End PBXResourcesBuildPhase section */

/* Begin PBXSourcesBuildPhase section */
		A5FA7D5A2C7DCB470066E4C1 /* Sources */ = {
			isa = PBXSourcesBuildPhase;
			buildActionMask = 2147483647;
			files = (
				A52979162C826E2C00FDB15E /* Notifications.swift in Sources */,
				A5AC10172C8343A200C3DCD9 /* TaskAddViewController.swift in Sources */,
				A513E2922C7DF2A8000B76A2 /* TaskModel.swift in Sources */,
				A5588C192C7DD1B6008C6096 /* TaskDetailViewController.swift in Sources */,
				A5FA7D662C7DCB480066E4C1 /* TaskListViewController.swift in Sources */,
				A5FA7D622C7DCB480066E4C1 /* AppDelegate.swift in Sources */,
				A5588C212C7DD1EF008C6096 /* TaskDetailRouter.swift in Sources */,
				A52979112C82424100FDB15E /* Storyboards.swift in Sources */,
				A5FA7D642C7DCB480066E4C1 /* SceneDelegate.swift in Sources */,
				A513E2962C7E049F000B76A2 /* TaskCell.swift in Sources */,
				A5FA7D6C2C7DCB480066E4C1 /* ToDo_List.xcdatamodeld in Sources */,
				A529790E2C82403900FDB15E /* UserDefaultsManager.swift in Sources */,
				A5588C1D2C7DD1D6008C6096 /* TaskDetailPresenter.swift in Sources */,
				A5588C132C7DD178008C6096 /* TaskListPresenter.swift in Sources */,
				A52979132C825EF400FDB15E /* CoreDataManager.swift in Sources */,
				A5AC101D2C8343F400C3DCD9 /* TaskAddRouter.swift in Sources */,
				A5588C172C7DD198008C6096 /* TaskListRouter.swift in Sources */,
				A5AC101B2C8343EB00C3DCD9 /* TaskAddPresenter.swift in Sources */,
			);
			runOnlyForDeploymentPostprocessing = 0;
		};
		A5FA7D732C7DCB490066E4C1 /* Sources */ = {
			isa = PBXSourcesBuildPhase;
			buildActionMask = 2147483647;
			files = (
				A5FA7D7C2C7DCB490066E4C1 /* ToDo_ListTests.swift in Sources */,
			);
			runOnlyForDeploymentPostprocessing = 0;
		};
		A5FA7D7D2C7DCB490066E4C1 /* Sources */ = {
			isa = PBXSourcesBuildPhase;
			buildActionMask = 2147483647;
			files = (
				A5FA7D882C7DCB490066E4C1 /* ToDo_ListUITestsLaunchTests.swift in Sources */,
				A5FA7D862C7DCB490066E4C1 /* ToDo_ListUITests.swift in Sources */,
			);
			runOnlyForDeploymentPostprocessing = 0;
		};
/* End PBXSourcesBuildPhase section */

/* Begin PBXTargetDependency section */
		A5FA7D792C7DCB490066E4C1 /* PBXTargetDependency */ = {
			isa = PBXTargetDependency;
			target = A5FA7D5D2C7DCB470066E4C1 /* ToDo_List */;
			targetProxy = A5FA7D782C7DCB490066E4C1 /* PBXContainerItemProxy */;
		};
		A5FA7D832C7DCB490066E4C1 /* PBXTargetDependency */ = {
			isa = PBXTargetDependency;
			target = A5FA7D5D2C7DCB470066E4C1 /* ToDo_List */;
			targetProxy = A5FA7D822C7DCB490066E4C1 /* PBXContainerItemProxy */;
		};
/* End PBXTargetDependency section */

/* Begin PBXVariantGroup section */
		A5FA7D672C7DCB480066E4C1 /* TaskListViewController.storyboard */ = {
			isa = PBXVariantGroup;
			children = (
				A5FA7D682C7DCB480066E4C1 /* Base */,
			);
			name = TaskListViewController.storyboard;
			sourceTree = "<group>";
		};
		A5FA7D6F2C7DCB480066E4C1 /* LaunchScreen.storyboard */ = {
			isa = PBXVariantGroup;
			children = (
				A5FA7D702C7DCB480066E4C1 /* Base */,
			);
			name = LaunchScreen.storyboard;
			sourceTree = "<group>";
		};
/* End PBXVariantGroup section */

/* Begin XCBuildConfiguration section */
		A5FA7D892C7DCB490066E4C1 /* Debug */ = {
			isa = XCBuildConfiguration;
			buildSettings = {
				ALWAYS_SEARCH_USER_PATHS = NO;
				ASSETCATALOG_COMPILER_GENERATE_SWIFT_ASSET_SYMBOL_EXTENSIONS = YES;
				CLANG_ANALYZER_NONNULL = YES;
				CLANG_ANALYZER_NUMBER_OBJECT_CONVERSION = YES_AGGRESSIVE;
				CLANG_CXX_LANGUAGE_STANDARD = "gnu++20";
				CLANG_ENABLE_MODULES = YES;
				CLANG_ENABLE_OBJC_ARC = YES;
				CLANG_ENABLE_OBJC_WEAK = YES;
				CLANG_WARN_BLOCK_CAPTURE_AUTORELEASING = YES;
				CLANG_WARN_BOOL_CONVERSION = YES;
				CLANG_WARN_COMMA = YES;
				CLANG_WARN_CONSTANT_CONVERSION = YES;
				CLANG_WARN_DEPRECATED_OBJC_IMPLEMENTATIONS = YES;
				CLANG_WARN_DIRECT_OBJC_ISA_USAGE = YES_ERROR;
				CLANG_WARN_DOCUMENTATION_COMMENTS = YES;
				CLANG_WARN_EMPTY_BODY = YES;
				CLANG_WARN_ENUM_CONVERSION = YES;
				CLANG_WARN_INFINITE_RECURSION = YES;
				CLANG_WARN_INT_CONVERSION = YES;
				CLANG_WARN_NON_LITERAL_NULL_CONVERSION = YES;
				CLANG_WARN_OBJC_IMPLICIT_RETAIN_SELF = YES;
				CLANG_WARN_OBJC_LITERAL_CONVERSION = YES;
				CLANG_WARN_OBJC_ROOT_CLASS = YES_ERROR;
				CLANG_WARN_QUOTED_INCLUDE_IN_FRAMEWORK_HEADER = YES;
				CLANG_WARN_RANGE_LOOP_ANALYSIS = YES;
				CLANG_WARN_STRICT_PROTOTYPES = YES;
				CLANG_WARN_SUSPICIOUS_MOVE = YES;
				CLANG_WARN_UNGUARDED_AVAILABILITY = YES_AGGRESSIVE;
				CLANG_WARN_UNREACHABLE_CODE = YES;
				CLANG_WARN__DUPLICATE_METHOD_MATCH = YES;
				COPY_PHASE_STRIP = NO;
				DEBUG_INFORMATION_FORMAT = dwarf;
				ENABLE_STRICT_OBJC_MSGSEND = YES;
				ENABLE_TESTABILITY = YES;
				ENABLE_USER_SCRIPT_SANDBOXING = YES;
				GCC_C_LANGUAGE_STANDARD = gnu17;
				GCC_DYNAMIC_NO_PIC = NO;
				GCC_NO_COMMON_BLOCKS = YES;
				GCC_OPTIMIZATION_LEVEL = 0;
				GCC_PREPROCESSOR_DEFINITIONS = (
					"DEBUG=1",
					"$(inherited)",
				);
				GCC_WARN_64_TO_32_BIT_CONVERSION = YES;
				GCC_WARN_ABOUT_RETURN_TYPE = YES_ERROR;
				GCC_WARN_UNDECLARED_SELECTOR = YES;
				GCC_WARN_UNINITIALIZED_AUTOS = YES_AGGRESSIVE;
				GCC_WARN_UNUSED_FUNCTION = YES;
				GCC_WARN_UNUSED_VARIABLE = YES;
				IPHONEOS_DEPLOYMENT_TARGET = 17.5;
				LOCALIZATION_PREFERS_STRING_CATALOGS = YES;
				MTL_ENABLE_DEBUG_INFO = INCLUDE_SOURCE;
				MTL_FAST_MATH = YES;
				ONLY_ACTIVE_ARCH = YES;
				SDKROOT = iphoneos;
				SWIFT_ACTIVE_COMPILATION_CONDITIONS = "DEBUG $(inherited)";
				SWIFT_OPTIMIZATION_LEVEL = "-Onone";
			};
			name = Debug;
		};
		A5FA7D8A2C7DCB490066E4C1 /* Release */ = {
			isa = XCBuildConfiguration;
			buildSettings = {
				ALWAYS_SEARCH_USER_PATHS = NO;
				ASSETCATALOG_COMPILER_GENERATE_SWIFT_ASSET_SYMBOL_EXTENSIONS = YES;
				CLANG_ANALYZER_NONNULL = YES;
				CLANG_ANALYZER_NUMBER_OBJECT_CONVERSION = YES_AGGRESSIVE;
				CLANG_CXX_LANGUAGE_STANDARD = "gnu++20";
				CLANG_ENABLE_MODULES = YES;
				CLANG_ENABLE_OBJC_ARC = YES;
				CLANG_ENABLE_OBJC_WEAK = YES;
				CLANG_WARN_BLOCK_CAPTURE_AUTORELEASING = YES;
				CLANG_WARN_BOOL_CONVERSION = YES;
				CLANG_WARN_COMMA = YES;
				CLANG_WARN_CONSTANT_CONVERSION = YES;
				CLANG_WARN_DEPRECATED_OBJC_IMPLEMENTATIONS = YES;
				CLANG_WARN_DIRECT_OBJC_ISA_USAGE = YES_ERROR;
				CLANG_WARN_DOCUMENTATION_COMMENTS = YES;
				CLANG_WARN_EMPTY_BODY = YES;
				CLANG_WARN_ENUM_CONVERSION = YES;
				CLANG_WARN_INFINITE_RECURSION = YES;
				CLANG_WARN_INT_CONVERSION = YES;
				CLANG_WARN_NON_LITERAL_NULL_CONVERSION = YES;
				CLANG_WARN_OBJC_IMPLICIT_RETAIN_SELF = YES;
				CLANG_WARN_OBJC_LITERAL_CONVERSION = YES;
				CLANG_WARN_OBJC_ROOT_CLASS = YES_ERROR;
				CLANG_WARN_QUOTED_INCLUDE_IN_FRAMEWORK_HEADER = YES;
				CLANG_WARN_RANGE_LOOP_ANALYSIS = YES;
				CLANG_WARN_STRICT_PROTOTYPES = YES;
				CLANG_WARN_SUSPICIOUS_MOVE = YES;
				CLANG_WARN_UNGUARDED_AVAILABILITY = YES_AGGRESSIVE;
				CLANG_WARN_UNREACHABLE_CODE = YES;
				CLANG_WARN__DUPLICATE_METHOD_MATCH = YES;
				COPY_PHASE_STRIP = NO;
				DEBUG_INFORMATION_FORMAT = "dwarf-with-dsym";
				ENABLE_NS_ASSERTIONS = NO;
				ENABLE_STRICT_OBJC_MSGSEND = YES;
				ENABLE_USER_SCRIPT_SANDBOXING = YES;
				GCC_C_LANGUAGE_STANDARD = gnu17;
				GCC_NO_COMMON_BLOCKS = YES;
				GCC_WARN_64_TO_32_BIT_CONVERSION = YES;
				GCC_WARN_ABOUT_RETURN_TYPE = YES_ERROR;
				GCC_WARN_UNDECLARED_SELECTOR = YES;
				GCC_WARN_UNINITIALIZED_AUTOS = YES_AGGRESSIVE;
				GCC_WARN_UNUSED_FUNCTION = YES;
				GCC_WARN_UNUSED_VARIABLE = YES;
				IPHONEOS_DEPLOYMENT_TARGET = 17.5;
				LOCALIZATION_PREFERS_STRING_CATALOGS = YES;
				MTL_ENABLE_DEBUG_INFO = NO;
				MTL_FAST_MATH = YES;
				SDKROOT = iphoneos;
				SWIFT_COMPILATION_MODE = wholemodule;
				VALIDATE_PRODUCT = YES;
			};
			name = Release;
		};
		A5FA7D8C2C7DCB490066E4C1 /* Debug */ = {
			isa = XCBuildConfiguration;
			buildSettings = {
				ASSETCATALOG_COMPILER_APPICON_NAME = AppIcon;
				ASSETCATALOG_COMPILER_GLOBAL_ACCENT_COLOR_NAME = AccentColor;
				CODE_SIGN_STYLE = Automatic;
				CURRENT_PROJECT_VERSION = 1;
				DEVELOPMENT_TEAM = NW6K64987Z;
				GENERATE_INFOPLIST_FILE = YES;
				INFOPLIST_FILE = ToDo_List/Resources/Info.plist;
				INFOPLIST_KEY_UIApplicationSupportsIndirectInputEvents = YES;
				INFOPLIST_KEY_UILaunchStoryboardName = LaunchScreen;
				INFOPLIST_KEY_UIMainStoryboardFile = TaskListViewController;
				INFOPLIST_KEY_UISupportedInterfaceOrientations = UIInterfaceOrientationPortrait;
				LD_RUNPATH_SEARCH_PATHS = (
					"$(inherited)",
					"@executable_path/Frameworks",
				);
				MARKETING_VERSION = 1.0;
				PRODUCT_BUNDLE_IDENTIFIER = "ge.k.ToDo-List";
				PRODUCT_NAME = "$(TARGET_NAME)";
				SUPPORTED_PLATFORMS = "iphoneos iphonesimulator";
				SUPPORTS_MACCATALYST = NO;
				SUPPORTS_MAC_DESIGNED_FOR_IPHONE_IPAD = NO;
				SUPPORTS_XR_DESIGNED_FOR_IPHONE_IPAD = NO;
				SWIFT_EMIT_LOC_STRINGS = YES;
				SWIFT_VERSION = 5.0;
				TARGETED_DEVICE_FAMILY = "1,2";
			};
			name = Debug;
		};
		A5FA7D8D2C7DCB490066E4C1 /* Release */ = {
			isa = XCBuildConfiguration;
			buildSettings = {
				ASSETCATALOG_COMPILER_APPICON_NAME = AppIcon;
				ASSETCATALOG_COMPILER_GLOBAL_ACCENT_COLOR_NAME = AccentColor;
				CODE_SIGN_STYLE = Automatic;
				CURRENT_PROJECT_VERSION = 1;
				DEVELOPMENT_TEAM = NW6K64987Z;
				GENERATE_INFOPLIST_FILE = YES;
				INFOPLIST_FILE = ToDo_List/Resources/Info.plist;
				INFOPLIST_KEY_UIApplicationSupportsIndirectInputEvents = YES;
				INFOPLIST_KEY_UILaunchStoryboardName = LaunchScreen;
				INFOPLIST_KEY_UIMainStoryboardFile = TaskListViewController;
				INFOPLIST_KEY_UISupportedInterfaceOrientations = UIInterfaceOrientationPortrait;
				LD_RUNPATH_SEARCH_PATHS = (
					"$(inherited)",
					"@executable_path/Frameworks",
				);
				MARKETING_VERSION = 1.0;
				PRODUCT_BUNDLE_IDENTIFIER = "ge.k.ToDo-List";
				PRODUCT_NAME = "$(TARGET_NAME)";
				SUPPORTED_PLATFORMS = "iphoneos iphonesimulator";
				SUPPORTS_MACCATALYST = NO;
				SUPPORTS_MAC_DESIGNED_FOR_IPHONE_IPAD = NO;
				SUPPORTS_XR_DESIGNED_FOR_IPHONE_IPAD = NO;
				SWIFT_EMIT_LOC_STRINGS = YES;
				SWIFT_VERSION = 5.0;
				TARGETED_DEVICE_FAMILY = "1,2";
			};
			name = Release;
		};
		A5FA7D8F2C7DCB490066E4C1 /* Debug */ = {
			isa = XCBuildConfiguration;
			buildSettings = {
				ALWAYS_EMBED_SWIFT_STANDARD_LIBRARIES = YES;
				BUNDLE_LOADER = "$(TEST_HOST)";
				CODE_SIGN_STYLE = Automatic;
				CURRENT_PROJECT_VERSION = 1;
				DEVELOPMENT_TEAM = NW6K64987Z;
				GENERATE_INFOPLIST_FILE = YES;
				IPHONEOS_DEPLOYMENT_TARGET = 17.5;
				MARKETING_VERSION = 1.0;
				PRODUCT_BUNDLE_IDENTIFIER = "ge.k.ToDo-ListTests";
				PRODUCT_NAME = "$(TARGET_NAME)";
				SWIFT_EMIT_LOC_STRINGS = NO;
				SWIFT_VERSION = 5.0;
				TARGETED_DEVICE_FAMILY = "1,2";
				TEST_HOST = "$(BUILT_PRODUCTS_DIR)/ToDo_List.app/$(BUNDLE_EXECUTABLE_FOLDER_PATH)/ToDo_List";
			};
			name = Debug;
		};
		A5FA7D902C7DCB490066E4C1 /* Release */ = {
			isa = XCBuildConfiguration;
			buildSettings = {
				ALWAYS_EMBED_SWIFT_STANDARD_LIBRARIES = YES;
				BUNDLE_LOADER = "$(TEST_HOST)";
				CODE_SIGN_STYLE = Automatic;
				CURRENT_PROJECT_VERSION = 1;
				DEVELOPMENT_TEAM = NW6K64987Z;
				GENERATE_INFOPLIST_FILE = YES;
				IPHONEOS_DEPLOYMENT_TARGET = 17.5;
				MARKETING_VERSION = 1.0;
				PRODUCT_BUNDLE_IDENTIFIER = "ge.k.ToDo-ListTests";
				PRODUCT_NAME = "$(TARGET_NAME)";
				SWIFT_EMIT_LOC_STRINGS = NO;
				SWIFT_VERSION = 5.0;
				TARGETED_DEVICE_FAMILY = "1,2";
				TEST_HOST = "$(BUILT_PRODUCTS_DIR)/ToDo_List.app/$(BUNDLE_EXECUTABLE_FOLDER_PATH)/ToDo_List";
			};
			name = Release;
		};
		A5FA7D922C7DCB490066E4C1 /* Debug */ = {
			isa = XCBuildConfiguration;
			buildSettings = {
				ALWAYS_EMBED_SWIFT_STANDARD_LIBRARIES = YES;
				CODE_SIGN_STYLE = Automatic;
				CURRENT_PROJECT_VERSION = 1;
				DEVELOPMENT_TEAM = NW6K64987Z;
				GENERATE_INFOPLIST_FILE = YES;
				MARKETING_VERSION = 1.0;
				PRODUCT_BUNDLE_IDENTIFIER = "ge.k.ToDo-ListUITests";
				PRODUCT_NAME = "$(TARGET_NAME)";
				SWIFT_EMIT_LOC_STRINGS = NO;
				SWIFT_VERSION = 5.0;
				TARGETED_DEVICE_FAMILY = "1,2";
				TEST_TARGET_NAME = ToDo_List;
			};
			name = Debug;
		};
		A5FA7D932C7DCB490066E4C1 /* Release */ = {
			isa = XCBuildConfiguration;
			buildSettings = {
				ALWAYS_EMBED_SWIFT_STANDARD_LIBRARIES = YES;
				CODE_SIGN_STYLE = Automatic;
				CURRENT_PROJECT_VERSION = 1;
				DEVELOPMENT_TEAM = NW6K64987Z;
				GENERATE_INFOPLIST_FILE = YES;
				MARKETING_VERSION = 1.0;
				PRODUCT_BUNDLE_IDENTIFIER = "ge.k.ToDo-ListUITests";
				PRODUCT_NAME = "$(TARGET_NAME)";
				SWIFT_EMIT_LOC_STRINGS = NO;
				SWIFT_VERSION = 5.0;
				TARGETED_DEVICE_FAMILY = "1,2";
				TEST_TARGET_NAME = ToDo_List;
			};
			name = Release;
		};
/* End XCBuildConfiguration section */

/* Begin XCConfigurationList section */
		A5FA7D592C7DCB470066E4C1 /* Build configuration list for PBXProject "ToDo_List" */ = {
			isa = XCConfigurationList;
			buildConfigurations = (
				A5FA7D892C7DCB490066E4C1 /* Debug */,
				A5FA7D8A2C7DCB490066E4C1 /* Release */,
			);
			defaultConfigurationIsVisible = 0;
			defaultConfigurationName = Release;
		};
		A5FA7D8B2C7DCB490066E4C1 /* Build configuration list for PBXNativeTarget "ToDo_List" */ = {
			isa = XCConfigurationList;
			buildConfigurations = (
				A5FA7D8C2C7DCB490066E4C1 /* Debug */,
				A5FA7D8D2C7DCB490066E4C1 /* Release */,
			);
			defaultConfigurationIsVisible = 0;
			defaultConfigurationName = Release;
		};
		A5FA7D8E2C7DCB490066E4C1 /* Build configuration list for PBXNativeTarget "ToDo_ListTests" */ = {
			isa = XCConfigurationList;
			buildConfigurations = (
				A5FA7D8F2C7DCB490066E4C1 /* Debug */,
				A5FA7D902C7DCB490066E4C1 /* Release */,
			);
			defaultConfigurationIsVisible = 0;
			defaultConfigurationName = Release;
		};
		A5FA7D912C7DCB490066E4C1 /* Build configuration list for PBXNativeTarget "ToDo_ListUITests" */ = {
			isa = XCConfigurationList;
			buildConfigurations = (
				A5FA7D922C7DCB490066E4C1 /* Debug */,
				A5FA7D932C7DCB490066E4C1 /* Release */,
			);
			defaultConfigurationIsVisible = 0;
			defaultConfigurationName = Release;
		};
/* End XCConfigurationList section */

/* Begin XCVersionGroup section */
		A5FA7D6A2C7DCB480066E4C1 /* ToDo_List.xcdatamodeld */ = {
			isa = XCVersionGroup;
			children = (
				A5FA7D6B2C7DCB480066E4C1 /* ToDo_List.xcdatamodel */,
			);
			currentVersion = A5FA7D6B2C7DCB480066E4C1 /* ToDo_List.xcdatamodel */;
			path = ToDo_List.xcdatamodeld;
			sourceTree = "<group>";
			versionGroupType = wrapper.xcdatamodel;
		};
/* End XCVersionGroup section */
	};
	rootObject = A5FA7D562C7DCB470066E4C1 /* Project object */;
}
